
Microsoft Visual Studio Solution File, Format Version 12.00
# Visual Studio 15
VisualStudioVersion = 15.0.28307.168
MinimumVisualStudioVersion = 10.0.40219.1
Project("{FAE04EC0-301F-11D3-BF4B-00C04F79EFBC}") = "ConsoleApp1", "ConsoleApp1\ConsoleApp1.csproj", "{602134D4-4560-4258-9298-EFF752D304C7}"
EndProject
Global
	GlobalSection(SolutionConfigurationPlatforms) = preSolution
		Debug|Any CPU = Debug|Any CPU
		Release|Any CPU = Release|Any CPU
	EndGlobalSection
	GlobalSection(ProjectConfigurationPlatforms) = postSolution
		{602134D4-4560-4258-9298-EFF752D304C7}.Debug|Any CPU.ActiveCfg = Debug|Any CPU
		{602134D4-4560-4258-9298-EFF752D304C7}.Debug|Any CPU.Build.0 = Debug|Any CPU
		{602134D4-4560-4258-9298-EFF752D304C7}.Release|Any CPU.ActiveCfg = Release|Any CPU
		{602134D4-4560-4258-9298-EFF752D304C7}.Release|Any CPU.Build.0 = Release|Any CPU
	EndGlobalSection
	GlobalSection(SolutionProperties) = preSolution
		HideSolutionNode = FALSE
	EndGlobalSection
	GlobalSection(ExtensibilityGlobals) = postSolution
		SolutionGuid = {97D63D09-E12B-456C-91BE-F073B5A6EEF8}
	EndGlobalSection
EndGlobal
